
Microsoft Visual Studio Solution File, Format Version 12.00
# Visual Studio Version 16
VisualStudioVersion = 16.0.30611.23
MinimumVisualStudioVersion = 10.0.40219.1
Project("{FAE04EC0-301F-11D3-BF4B-00C04F79EFBC}") = "Runner Score Server", "Runner Score Server.csproj", "{F5F91ED3-7B25-4075-BDAF-2B3FAAC3F59D}"
EndProject
Global
	GlobalSection(SolutionConfigurationPlatforms) = preSolution
		Debug|Any CPU = Debug|Any CPU
		Release|Any CPU = Release|Any CPU
	EndGlobalSection
	GlobalSection(ProjectConfigurationPlatforms) = postSolution
		{F5F91ED3-7B25-4075-BDAF-2B3FAAC3F59D}.Debug|Any CPU.ActiveCfg = Debug|Any CPU
		{F5F91ED3-7B25-4075-BDAF-2B3FAAC3F59D}.Debug|Any CPU.Build.0 = Debug|Any CPU
		{F5F91ED3-7B25-4075-BDAF-2B3FAAC3F59D}.Release|Any CPU.ActiveCfg = Release|Any CPU
		{F5F91ED3-7B25-4075-BDAF-2B3FAAC3F59D}.Release|Any CPU.Build.0 = Release|Any CPU
	EndGlobalSection
	GlobalSection(SolutionProperties) = preSolution
		HideSolutionNode = FALSE
	EndGlobalSection
	GlobalSection(ExtensibilityGlobals) = postSolution
		SolutionGuid = {7CB25FB0-E4C8-4898-8DEF-236E0C744F86}
	EndGlobalSection
EndGlobal
